
Microsoft Visual Studio Solution File, Format Version 12.00
# Visual Studio Version 17
VisualStudioVersion = 17.8.34322.80
MinimumVisualStudioVersion = 10.0.40219.1
Project("{FAE04EC0-301F-11D3-BF4B-00C04F79EFBC}") = "PARCrypt", "PARCrypt\PARCrypt.csproj", "{F703A774-0663-4263-B915-4082A954AF6E}"
EndProject
Global
	GlobalSection(SolutionConfigurationPlatforms) = preSolution
		Debug|Any CPU = Debug|Any CPU
		Release|Any CPU = Release|Any CPU
	EndGlobalSection
	GlobalSection(ProjectConfigurationPlatforms) = postSolution
		{F703A774-0663-4263-B915-4082A954AF6E}.Debug|Any CPU.ActiveCfg = Debug|Any CPU
		{F703A774-0663-4263-B915-4082A954AF6E}.Debug|Any CPU.Build.0 = Debug|Any CPU
		{F703A774-0663-4263-B915-4082A954AF6E}.Release|Any CPU.ActiveCfg = Release|Any CPU
		{F703A774-0663-4263-B915-4082A954AF6E}.Release|Any CPU.Build.0 = Release|Any CPU
	EndGlobalSection
	GlobalSection(SolutionProperties) = preSolution
		HideSolutionNode = FALSE
	EndGlobalSection
	GlobalSection(ExtensibilityGlobals) = postSolution
		SolutionGuid = {3C408A52-AC4A-4642-81DD-B14FA0F2B8FE}
	EndGlobalSection
EndGlobal
